// !$*UTF8*$!
{
	archiveVersion = 1;
	classes = {
	};
	objectVersion = 77;
	objects = {

/* Begin PBXContainerItemProxy section */
		B885489C2D175C8E007A3DE9 /* PBXContainerItemProxy */ = {
			isa = PBXContainerItemProxy;
			containerPortal = B88548832D175C8B007A3DE9 /* Project object */;
			proxyType = 1;
			remoteGlobalIDString = B885488A2D175C8B007A3DE9;
			remoteInfo = GolfJourneys;
		};
		B88548A62D175C8E007A3DE9 /* PBXContainerItemProxy */ = {
			isa = PBXContainerItemProxy;
			containerPortal = B88548832D175C8B007A3DE9 /* Project object */;
			proxyType = 1;
			remoteGlobalIDString = B885488A2D175C8B007A3DE9;
			remoteInfo = GolfJourneys;
		};
/* End PBXContainerItemProxy section */

/* Begin PBXFileReference section */
		B885488B2D175C8B007A3DE9 /* GolfJourneys.app */ = {isa = PBXFileReference; explicitFileType = wrapper.application; includeInIndex = 0; path = GolfJourneys.app; sourceTree = BUILT_PRODUCTS_DIR; };
		B885489B2D175C8E007A3DE9 /* GolfJourneysTests.xctest */ = {isa = PBXFileReference; explicitFileType = wrapper.cfbundle; includeInIndex = 0; path = GolfJourneysTests.xctest; sourceTree = BUILT_PRODUCTS_DIR; };
		B88548A52D175C8E007A3DE9 /* GolfJourneysUITests.xctest */ = {isa = PBXFileReference; explicitFileType = wrapper.cfbundle; includeInIndex = 0; path = GolfJourneysUITests.xctest; sourceTree = BUILT_PRODUCTS_DIR; };
/* End PBXFileReference section */

/* Begin PBXFileSystemSynchronizedRootGroup section */
		B885488D2D175C8B007A3DE9 /* GolfJourneys */ = {
			isa = PBXFileSystemSynchronizedRootGroup;
			path = GolfJourneys;
			sourceTree = "<group>";
		};
		B885489E2D175C8E007A3DE9 /* GolfJourneysTests */ = {
			isa = PBXFileSystemSynchronizedRootGroup;
			path = GolfJourneysTests;
			sourceTree = "<group>";
		};
		B88548A82D175C8E007A3DE9 /* GolfJourneysUITests */ = {
			isa = PBXFileSystemSynchronizedRootGroup;
			path = GolfJourneysUITests;
			sourceTree = "<group>";
		};
/* End PBXFileSystemSynchronizedRootGroup section */

/* Begin PBXFrameworksBuildPhase section */
		B88548882D175C8B007A3DE9 /* Frameworks */ = {
			isa = PBXFrameworksBuildPhase;
			buildActionMask = 2147483647;
			files = (
			);
			runOnlyForDeploymentPostprocessing = 0;
		};
		B88548982D175C8E007A3DE9 /* Frameworks */ = {
			isa = PBXFrameworksBuildPhase;
			buildActionMask = 2147483647;
			files = (
			);
			runOnlyForDeploymentPostprocessing = 0;
		};
		B88548A22D175C8E007A3DE9 /* Frameworks */ = {
			isa = PBXFrameworksBuildPhase;
			buildActionMask = 2147483647;
			files = (
			);
			runOnlyForDeploymentPostprocessing = 0;
		};
/* End PBXFrameworksBuildPhase section */

/* Begin PBXGroup section */
		B88548822D175C8B007A3DE9 = {
			isa = PBXGroup;
			children = (
				B885488D2D175C8B007A3DE9 /* GolfJourneys */,
				B885489E2D175C8E007A3DE9 /* GolfJourneysTests */,
				B88548A82D175C8E007A3DE9 /* GolfJourneysUITests */,
				B885488C2D175C8B007A3DE9 /* Products */,
			);
			sourceTree = "<group>";
		};
		B885488C2D175C8B007A3DE9 /* Products */ = {
			isa = PBXGroup;
			children = (
				B885488B2D175C8B007A3DE9 /* GolfJourneys.app */,
				B885489B2D175C8E007A3DE9 /* GolfJourneysTests.xctest */,
				B88548A52D175C8E007A3DE9 /* GolfJourneysUITests.xctest */,
			);
			name = Products;
			sourceTree = "<group>";
		};
/* End PBXGroup section */

/* Begin PBXNativeTarget section */
		B885488A2D175C8B007A3DE9 /* GolfJourneys */ = {
			isa = PBXNativeTarget;
			buildConfigurationList = B88548AF2D175C8E007A3DE9 /* Build configuration list for PBXNativeTarget "GolfJourneys" */;
			buildPhases = (
				B88548872D175C8B007A3DE9 /* Sources */,
				B88548882D175C8B007A3DE9 /* Frameworks */,
				B88548892D175C8B007A3DE9 /* Resources */,
			);
			buildRules = (
			);
			dependencies = (
			);
			fileSystemSynchronizedGroups = (
				B885488D2D175C8B007A3DE9 /* GolfJourneys */,
			);
			name = GolfJourneys;
			packageProductDependencies = (
			);
			productName = GolfJourneys;
			productReference = B885488B2D175C8B007A3DE9 /* GolfJourneys.app */;
			productType = "com.apple.product-type.application";
		};
		B885489A2D175C8E007A3DE9 /* GolfJourneysTests */ = {
			isa = PBXNativeTarget;
			buildConfigurationList = B88548B22D175C8E007A3DE9 /* Build configuration list for PBXNativeTarget "GolfJourneysTests" */;
			buildPhases = (
				B88548972D175C8E007A3DE9 /* Sources */,
				B88548982D175C8E007A3DE9 /* Frameworks */,
				B88548992D175C8E007A3DE9 /* Resources */,
			);
			buildRules = (
			);
			dependencies = (
				B885489D2D175C8E007A3DE9 /* PBXTargetDependency */,
			);
			fileSystemSynchronizedGroups = (
				B885489E2D175C8E007A3DE9 /* GolfJourneysTests */,
			);
			name = GolfJourneysTests;
			packageProductDependencies = (
			);
			productName = GolfJourneysTests;
			productReference = B885489B2D175C8E007A3DE9 /* GolfJourneysTests.xctest */;
			productType = "com.apple.product-type.bundle.unit-test";
		};
		B88548A42D175C8E007A3DE9 /* GolfJourneysUITests */ = {
			isa = PBXNativeTarget;
			buildConfigurationList = B88548B52D175C8E007A3DE9 /* Build configuration list for PBXNativeTarget "GolfJourneysUITests" */;
			buildPhases = (
				B88548A12D175C8E007A3DE9 /* Sources */,
				B88548A22D175C8E007A3DE9 /* Frameworks */,
				B88548A32D175C8E007A3DE9 /* Resources */,
			);
			buildRules = (
			);
			dependencies = (
				B88548A72D175C8E007A3DE9 /* PBXTargetDependency */,
			);
			fileSystemSynchronizedGroups = (
				B88548A82D175C8E007A3DE9 /* GolfJourneysUITests */,
			);
			name = GolfJourneysUITests;
			packageProductDependencies = (
			);
			productName = GolfJourneysUITests;
			productReference = B88548A52D175C8E007A3DE9 /* GolfJourneysUITests.xctest */;
			productType = "com.apple.product-type.bundle.ui-testing";
		};
/* End PBXNativeTarget section */

/* Begin PBXProject section */
		B88548832D175C8B007A3DE9 /* Project object */ = {
			isa = PBXProject;
			attributes = {
				BuildIndependentTargetsInParallel = 1;
				LastSwiftUpdateCheck = 1620;
				LastUpgradeCheck = 1620;
				TargetAttributes = {
					B885488A2D175C8B007A3DE9 = {
						CreatedOnToolsVersion = 16.2;
					};
					B885489A2D175C8E007A3DE9 = {
						CreatedOnToolsVersion = 16.2;
						TestTargetID = B885488A2D175C8B007A3DE9;
					};
					B88548A42D175C8E007A3DE9 = {
						CreatedOnToolsVersion = 16.2;
						TestTargetID = B885488A2D175C8B007A3DE9;
					};
				};
			};
			buildConfigurationList = B88548862D175C8B007A3DE9 /* Build configuration list for PBXProject "GolfJourneys" */;
			developmentRegion = en;
			hasScannedForEncodings = 0;
			knownRegions = (
				en,
				Base,
			);
			mainGroup = B88548822D175C8B007A3DE9;
			minimizedProjectReferenceProxies = 1;
			preferredProjectObjectVersion = 77;
			productRefGroup = B885488C2D175C8B007A3DE9 /* Products */;
			projectDirPath = "";
			projectRoot = "";
			targets = (
				B885488A2D175C8B007A3DE9 /* GolfJourneys */,
				B885489A2D175C8E007A3DE9 /* GolfJourneysTests */,
				B88548A42D175C8E007A3DE9 /* GolfJourneysUITests */,
			);
		};
/* End PBXProject section */

/* Begin PBXResourcesBuildPhase section */
		B88548892D175C8B007A3DE9 /* Resources */ = {
			isa = PBXResourcesBuildPhase;
			buildActionMask = 2147483647;
			files = (
			);
			runOnlyForDeploymentPostprocessing = 0;
		};
		B88548992D175C8E007A3DE9 /* Resources */ = {
			isa = PBXResourcesBuildPhase;
			buildActionMask = 2147483647;
			files = (
			);
			runOnlyForDeploymentPostprocessing = 0;
		};
		B88548A32D175C8E007A3DE9 /* Resources */ = {
			isa = PBXResourcesBuildPhase;
			buildActionMask = 2147483647;
			files = (
			);
			runOnlyForDeploymentPostprocessing = 0;
		};
/* End PBXResourcesBuildPhase section */

/* Begin PBXSourcesBuildPhase section */
		B88548872D175C8B007A3DE9 /* Sources */ = {
			isa = PBXSourcesBuildPhase;
			buildActionMask = 2147483647;
			files = (
			);
			runOnlyForDeploymentPostprocessing = 0;
		};
		B88548972D175C8E007A3DE9 /* Sources */ = {
			isa = PBXSourcesBuildPhase;
			buildActionMask = 2147483647;
			files = (
			);
			runOnlyForDeploymentPostprocessing = 0;
		};
		B88548A12D175C8E007A3DE9 /* Sources */ = {
			isa = PBXSourcesBuildPhase;
			buildActionMask = 2147483647;
			files = (
			);
			runOnlyForDeploymentPostprocessing = 0;
		};
/* End PBXSourcesBuildPhase section */

/* Begin PBXTargetDependency section */
		B885489D2D175C8E007A3DE9 /* PBXTargetDependency */ = {
			isa = PBXTargetDependency;
			target = B885488A2D175C8B007A3DE9 /* GolfJourneys */;
			targetProxy = B885489C2D175C8E007A3DE9 /* PBXContainerItemProxy */;
		};
		B88548A72D175C8E007A3DE9 /* PBXTargetDependency */ = {
			isa = PBXTargetDependency;
			target = B885488A2D175C8B007A3DE9 /* GolfJourneys */;
			targetProxy = B88548A62D175C8E007A3DE9 /* PBXContainerItemProxy */;
		};
/* End PBXTargetDependency section */

/* Begin XCBuildConfiguration section */
		B88548AD2D175C8E007A3DE9 /* Debug */ = {
			isa = XCBuildConfiguration;
			buildSettings = {
				ALWAYS_SEARCH_USER_PATHS = NO;
				ASSETCATALOG_COMPILER_GENERATE_SWIFT_ASSET_SYMBOL_EXTENSIONS = YES;
				CLANG_ANALYZER_NONNULL = YES;
				CLANG_ANALYZER_NUMBER_OBJECT_CONVERSION = YES_AGGRESSIVE;
				CLANG_CXX_LANGUAGE_STANDARD = "gnu++20";
				CLANG_ENABLE_MODULES = YES;
				CLANG_ENABLE_OBJC_ARC = YES;
				CLANG_ENABLE_OBJC_WEAK = YES;
				CLANG_WARN_BLOCK_CAPTURE_AUTORELEASING = YES;
				CLANG_WARN_BOOL_CONVERSION = YES;
				CLANG_WARN_COMMA = YES;
				CLANG_WARN_CONSTANT_CONVERSION = YES;
				CLANG_WARN_DEPRECATED_OBJC_IMPLEMENTATIONS = YES;
				CLANG_WARN_DIRECT_OBJC_ISA_USAGE = YES_ERROR;
				CLANG_WARN_DOCUMENTATION_COMMENTS = YES;
				CLANG_WARN_EMPTY_BODY = YES;
				CLANG_WARN_ENUM_CONVERSION = YES;
				CLANG_WARN_INFINITE_RECURSION = YES;
				CLANG_WARN_INT_CONVERSION = YES;
				CLANG_WARN_NON_LITERAL_NULL_CONVERSION = YES;
				CLANG_WARN_OBJC_IMPLICIT_RETAIN_SELF = YES;
				CLANG_WARN_OBJC_LITERAL_CONVERSION = YES;
				CLANG_WARN_OBJC_ROOT_CLASS = YES_ERROR;
				CLANG_WARN_QUOTED_INCLUDE_IN_FRAMEWORK_HEADER = YES;
				CLANG_WARN_RANGE_LOOP_ANALYSIS = YES;
				CLANG_WARN_STRICT_PROTOTYPES = YES;
				CLANG_WARN_SUSPICIOUS_MOVE = YES;
				CLANG_WARN_UNGUARDED_AVAILABILITY = YES_AGGRESSIVE;
				CLANG_WARN_UNREACHABLE_CODE = YES;
				CLANG_WARN__DUPLICATE_METHOD_MATCH = YES;
				COPY_PHASE_STRIP = NO;
				DEBUG_INFORMATION_FORMAT = dwarf;
				ENABLE_STRICT_OBJC_MSGSEND = YES;
				ENABLE_TESTABILITY = YES;
				ENABLE_USER_SCRIPT_SANDBOXING = YES;
				GCC_C_LANGUAGE_STANDARD = gnu17;
				GCC_DYNAMIC_NO_PIC = NO;
				GCC_NO_COMMON_BLOCKS = YES;
				GCC_OPTIMIZATION_LEVEL = 0;
				GCC_PREPROCESSOR_DEFINITIONS = (
					"DEBUG=1",
					"$(inherited)",
				);
				GCC_WARN_64_TO_32_BIT_CONVERSION = YES;
				GCC_WARN_ABOUT_RETURN_TYPE = YES_ERROR;
				GCC_WARN_UNDECLARED_SELECTOR = YES;
				GCC_WARN_UNINITIALIZED_AUTOS = YES_AGGRESSIVE;
				GCC_WARN_UNUSED_FUNCTION = YES;
				GCC_WARN_UNUSED_VARIABLE = YES;
				IPHONEOS_DEPLOYMENT_TARGET = 18.2;
				LOCALIZATION_PREFERS_STRING_CATALOGS = YES;
				MTL_ENABLE_DEBUG_INFO = INCLUDE_SOURCE;
				MTL_FAST_MATH = YES;
				ONLY_ACTIVE_ARCH = YES;
				SDKROOT = iphoneos;
				SWIFT_ACTIVE_COMPILATION_CONDITIONS = "DEBUG $(inherited)";
				SWIFT_OPTIMIZATION_LEVEL = "-Onone";
			};
			name = Debug;
		};
		B88548AE2D175C8E007A3DE9 /* Release */ = {
			isa = XCBuildConfiguration;
			buildSettings = {
				ALWAYS_SEARCH_USER_PATHS = NO;
				ASSETCATALOG_COMPILER_GENERATE_SWIFT_ASSET_SYMBOL_EXTENSIONS = YES;
				CLANG_ANALYZER_NONNULL = YES;
				CLANG_ANALYZER_NUMBER_OBJECT_CONVERSION = YES_AGGRESSIVE;
				CLANG_CXX_LANGUAGE_STANDARD = "gnu++20";
				CLANG_ENABLE_MODULES = YES;
				CLANG_ENABLE_OBJC_ARC = YES;
				CLANG_ENABLE_OBJC_WEAK = YES;
				CLANG_WARN_BLOCK_CAPTURE_AUTORELEASING = YES;
				CLANG_WARN_BOOL_CONVERSION = YES;
				CLANG_WARN_COMMA = YES;
				CLANG_WARN_CONSTANT_CONVERSION = YES;
				CLANG_WARN_DEPRECATED_OBJC_IMPLEMENTATIONS = YES;
				CLANG_WARN_DIRECT_OBJC_ISA_USAGE = YES_ERROR;
				CLANG_WARN_DOCUMENTATION_COMMENTS = YES;
				CLANG_WARN_EMPTY_BODY = YES;
				CLANG_WARN_ENUM_CONVERSION = YES;
				CLANG_WARN_INFINITE_RECURSION = YES;
				CLANG_WARN_INT_CONVERSION = YES;
				CLANG_WARN_NON_LITERAL_NULL_CONVERSION = YES;
				CLANG_WARN_OBJC_IMPLICIT_RETAIN_SELF = YES;
				CLANG_WARN_OBJC_LITERAL_CONVERSION = YES;
				CLANG_WARN_OBJC_ROOT_CLASS = YES_ERROR;
				CLANG_WARN_QUOTED_INCLUDE_IN_FRAMEWORK_HEADER = YES;
				CLANG_WARN_RANGE_LOOP_ANALYSIS = YES;
				CLANG_WARN_STRICT_PROTOTYPES = YES;
				CLANG_WARN_SUSPICIOUS_MOVE = YES;
				CLANG_WARN_UNGUARDED_AVAILABILITY = YES_AGGRESSIVE;
				CLANG_WARN_UNREACHABLE_CODE = YES;
				CLANG_WARN__DUPLICATE_METHOD_MATCH = YES;
				COPY_PHASE_STRIP = NO;
				DEBUG_INFORMATION_FORMAT = "dwarf-with-dsym";
				ENABLE_NS_ASSERTIONS = NO;
				ENABLE_STRICT_OBJC_MSGSEND = YES;
				ENABLE_USER_SCRIPT_SANDBOXING = YES;
				GCC_C_LANGUAGE_STANDARD = gnu17;
				GCC_NO_COMMON_BLOCKS = YES;
				GCC_WARN_64_TO_32_BIT_CONVERSION = YES;
				GCC_WARN_ABOUT_RETURN_TYPE = YES_ERROR;
				GCC_WARN_UNDECLARED_SELECTOR = YES;
				GCC_WARN_UNINITIALIZED_AUTOS = YES_AGGRESSIVE;
				GCC_WARN_UNUSED_FUNCTION = YES;
				GCC_WARN_UNUSED_VARIABLE = YES;
				IPHONEOS_DEPLOYMENT_TARGET = 18.2;
				LOCALIZATION_PREFERS_STRING_CATALOGS = YES;
				MTL_ENABLE_DEBUG_INFO = NO;
				MTL_FAST_MATH = YES;
				SDKROOT = iphoneos;
				SWIFT_COMPILATION_MODE = wholemodule;
				VALIDATE_PRODUCT = YES;
			};
			name = Release;
		};
		B88548B02D175C8E007A3DE9 /* Debug */ = {
			isa = XCBuildConfiguration;
			buildSettings = {
				ASSETCATALOG_COMPILER_APPICON_NAME = AppIcon;
				ASSETCATALOG_COMPILER_GLOBAL_ACCENT_COLOR_NAME = AccentColor;
				ASSETCATALOG_COMPILER_INCLUDE_ALL_APPICON_ASSETS = YES;
				CODE_SIGN_STYLE = Automatic;
				CURRENT_PROJECT_VERSION = 1;
				DEVELOPMENT_ASSET_PATHS = "\"GolfJourneys/Preview Content\"";
				DEVELOPMENT_TEAM = SR93X972CC;
				ENABLE_PREVIEWS = YES;
				GENERATE_INFOPLIST_FILE = YES;
				INFOPLIST_KEY_CFBundleDisplayName = GolfJourneys;
				INFOPLIST_KEY_UIApplicationSceneManifest_Generation = YES;
				INFOPLIST_KEY_UIApplicationSupportsIndirectInputEvents = YES;
				INFOPLIST_KEY_UILaunchScreen_Generation = YES;
				INFOPLIST_KEY_UISupportedInterfaceOrientations_iPad = "UIInterfaceOrientationPortrait UIInterfaceOrientationPortraitUpsideDown UIInterfaceOrientationLandscapeLeft UIInterfaceOrientationLandscapeRight";
				INFOPLIST_KEY_UISupportedInterfaceOrientations_iPhone = "UIInterfaceOrientationPortrait UIInterfaceOrientationLandscapeLeft UIInterfaceOrientationLandscapeRight";
				LD_RUNPATH_SEARCH_PATHS = (
					"$(inherited)",
					"@executable_path/Frameworks",
				);
				MARKETING_VERSION = 1.0;
				PRODUCT_BUNDLE_IDENTIFIER = com.sethbraddock.gj;
				PRODUCT_NAME = "$(TARGET_NAME)";
				SWIFT_EMIT_LOC_STRINGS = YES;
				SWIFT_VERSION = 5.0;
				TARGETED_DEVICE_FAMILY = "1,2";
			};
			name = Debug;
		};
		B88548B12D175C8E007A3DE9 /* Release */ = {
			isa = XCBuildConfiguration;
			buildSettings = {
				ASSETCATALOG_COMPILER_APPICON_NAME = AppIcon;
				ASSETCATALOG_COMPILER_GLOBAL_ACCENT_COLOR_NAME = AccentColor;
				ASSETCATALOG_COMPILER_INCLUDE_ALL_APPICON_ASSETS = YES;
				CODE_SIGN_STYLE = Automatic;
				CURRENT_PROJECT_VERSION = 1;
				DEVELOPMENT_ASSET_PATHS = "\"GolfJourneys/Preview Content\"";
				DEVELOPMENT_TEAM = SR93X972CC;
				ENABLE_PREVIEWS = YES;
				GENERATE_INFOPLIST_FILE = YES;
				INFOPLIST_KEY_CFBundleDisplayName = GolfJourneys;
				INFOPLIST_KEY_UIApplicationSceneManifest_Generation = YES;
				INFOPLIST_KEY_UIApplicationSupportsIndirectInputEvents = YES;
				INFOPLIST_KEY_UILaunchScreen_Generation = YES;
				INFOPLIST_KEY_UISupportedInterfaceOrientations_iPad = "UIInterfaceOrientationPortrait UIInterfaceOrientationPortraitUpsideDown UIInterfaceOrientationLandscapeLeft UIInterfaceOrientationLandscapeRight";
				INFOPLIST_KEY_UISupportedInterfaceOrientations_iPhone = "UIInterfaceOrientationPortrait UIInterfaceOrientationLandscapeLeft UIInterfaceOrientationLandscapeRight";
				LD_RUNPATH_SEARCH_PATHS = (
					"$(inherited)",
					"@executable_path/Frameworks",
				);
				MARKETING_VERSION = 1.0;
				PRODUCT_BUNDLE_IDENTIFIER = com.sethbraddock.gj;
				PRODUCT_NAME = "$(TARGET_NAME)";
				SWIFT_EMIT_LOC_STRINGS = YES;
				SWIFT_VERSION = 5.0;
				TARGETED_DEVICE_FAMILY = "1,2";
			};
			name = Release;
		};
		B88548B32D175C8E007A3DE9 /* Debug */ = {
			isa = XCBuildConfiguration;
			buildSettings = {
				BUNDLE_LOADER = "$(TEST_HOST)";
				CODE_SIGN_STYLE = Automatic;
				CURRENT_PROJECT_VERSION = 1;
				DEVELOPMENT_TEAM = KQSABLN6Q7;
				GENERATE_INFOPLIST_FILE = YES;
				IPHONEOS_DEPLOYMENT_TARGET = 18.2;
				MARKETING_VERSION = 1.0;
				PRODUCT_BUNDLE_IDENTIFIER = com.golfjourneys.GolfJourneysTests;
				PRODUCT_NAME = "$(TARGET_NAME)";
				SWIFT_EMIT_LOC_STRINGS = NO;
				SWIFT_VERSION = 5.0;
				TARGETED_DEVICE_FAMILY = "1,2";
				TEST_HOST = "$(BUILT_PRODUCTS_DIR)/GolfJourneys.app/$(BUNDLE_EXECUTABLE_FOLDER_PATH)/GolfJourneys";
			};
			name = Debug;
		};
		B88548B42D175C8E007A3DE9 /* Release */ = {
			isa = XCBuildConfiguration;
			buildSettings = {
				BUNDLE_LOADER = "$(TEST_HOST)";
				CODE_SIGN_STYLE = Automatic;
				CURRENT_PROJECT_VERSION = 1;
				DEVELOPMENT_TEAM = KQSABLN6Q7;
				GENERATE_INFOPLIST_FILE = YES;
				IPHONEOS_DEPLOYMENT_TARGET = 18.2;
				MARKETING_VERSION = 1.0;
				PRODUCT_BUNDLE_IDENTIFIER = com.golfjourneys.GolfJourneysTests;
				PRODUCT_NAME = "$(TARGET_NAME)";
				SWIFT_EMIT_LOC_STRINGS = NO;
				SWIFT_VERSION = 5.0;
				TARGETED_DEVICE_FAMILY = "1,2";
				TEST_HOST = "$(BUILT_PRODUCTS_DIR)/GolfJourneys.app/$(BUNDLE_EXECUTABLE_FOLDER_PATH)/GolfJourneys";
			};
			name = Release;
		};
		B88548B62D175C8E007A3DE9 /* Debug */ = {
			isa = XCBuildConfiguration;
			buildSettings = {
				CODE_SIGN_STYLE = Automatic;
				CURRENT_PROJECT_VERSION = 1;
				DEVELOPMENT_TEAM = KQSABLN6Q7;
				GENERATE_INFOPLIST_FILE = YES;
				MARKETING_VERSION = 1.0;
				PRODUCT_BUNDLE_IDENTIFIER = com.golfjourneys.GolfJourneysUITests;
				PRODUCT_NAME = "$(TARGET_NAME)";
				SWIFT_EMIT_LOC_STRINGS = NO;
				SWIFT_VERSION = 5.0;
				TARGETED_DEVICE_FAMILY = "1,2";
				TEST_TARGET_NAME = GolfJourneys;
			};
			name = Debug;
		};
		B88548B72D175C8E007A3DE9 /* Release */ = {
			isa = XCBuildConfiguration;
			buildSettings = {
				CODE_SIGN_STYLE = Automatic;
				CURRENT_PROJECT_VERSION = 1;
				DEVELOPMENT_TEAM = KQSABLN6Q7;
				GENERATE_INFOPLIST_FILE = YES;
				MARKETING_VERSION = 1.0;
				PRODUCT_BUNDLE_IDENTIFIER = com.golfjourneys.GolfJourneysUITests;
				PRODUCT_NAME = "$(TARGET_NAME)";
				SWIFT_EMIT_LOC_STRINGS = NO;
				SWIFT_VERSION = 5.0;
				TARGETED_DEVICE_FAMILY = "1,2";
				TEST_TARGET_NAME = GolfJourneys;
			};
			name = Release;
		};
/* End XCBuildConfiguration section */

/* Begin XCConfigurationList section */
		B88548862D175C8B007A3DE9 /* Build configuration list for PBXProject "GolfJourneys" */ = {
			isa = XCConfigurationList;
			buildConfigurations = (
				B88548AD2D175C8E007A3DE9 /* Debug */,
				B88548AE2D175C8E007A3DE9 /* Release */,
			);
			defaultConfigurationIsVisible = 0;
			defaultConfigurationName = Release;
		};
		B88548AF2D175C8E007A3DE9 /* Build configuration list for PBXNativeTarget "GolfJourneys" */ = {
			isa = XCConfigurationList;
			buildConfigurations = (
				B88548B02D175C8E007A3DE9 /* Debug */,
				B88548B12D175C8E007A3DE9 /* Release */,
			);
			defaultConfigurationIsVisible = 0;
			defaultConfigurationName = Release;
		};
		B88548B22D175C8E007A3DE9 /* Build configuration list for PBXNativeTarget "GolfJourneysTests" */ = {
			isa = XCConfigurationList;
			buildConfigurations = (
				B88548B32D175C8E007A3DE9 /* Debug */,
				B88548B42D175C8E007A3DE9 /* Release */,
			);
			defaultConfigurationIsVisible = 0;
			defaultConfigurationName = Release;
		};
		B88548B52D175C8E007A3DE9 /* Build configuration list for PBXNativeTarget "GolfJourneysUITests" */ = {
			isa = XCConfigurationList;
			buildConfigurations = (
				B88548B62D175C8E007A3DE9 /* Debug */,
				B88548B72D175C8E007A3DE9 /* Release */,
			);
			defaultConfigurationIsVisible = 0;
			defaultConfigurationName = Release;
		};
/* End XCConfigurationList section */
	};
	rootObject = B88548832D175C8B007A3DE9 /* Project object */;
}
